// !$*UTF8*$!
{
	archiveVersion = 1;
	classes = {
	};
	objectVersion = 46;
	objects = {

/* Begin PBXBuildFile section */
		D02904F11E550DCC000D8057 /* AppDelegate.swift in Sources */ = {isa = PBXBuildFile; fileRef = D02904F01E550DCC000D8057 /* AppDelegate.swift */; };
		D02904F31E550DCD000D8057 /* NewVC.swift in Sources */ = {isa = PBXBuildFile; fileRef = D02904F21E550DCD000D8057 /* NewVC.swift */; };
		D02904F81E550DCD000D8057 /* Assets.xcassets in Resources */ = {isa = PBXBuildFile; fileRef = D02904F71E550DCD000D8057 /* Assets.xcassets */; };
		D02904FB1E550DCD000D8057 /* LaunchScreen.storyboard in Resources */ = {isa = PBXBuildFile; fileRef = D02904F91E550DCD000D8057 /* LaunchScreen.storyboard */; };
		D02905031E550F84000D8057 /* NewVC.xib in Resources */ = {isa = PBXBuildFile; fileRef = D02905021E550F84000D8057 /* NewVC.xib */; };
		D02905091E551A59000D8057 /* BlueVC.swift in Sources */ = {isa = PBXBuildFile; fileRef = D02905071E551A59000D8057 /* BlueVC.swift */; };
		D029050A1E551A59000D8057 /* BlueVC.xib in Resources */ = {isa = PBXBuildFile; fileRef = D02905081E551A59000D8057 /* BlueVC.xib */; };
/* End PBXBuildFile section */

/* Begin PBXFileReference section */
		D02904ED1E550DCC000D8057 /* no-storyboards.app */ = {isa = PBXFileReference; explicitFileType = wrapper.application; includeInIndex = 0; path = "no-storyboards.app"; sourceTree = BUILT_PRODUCTS_DIR; };
		D02904F01E550DCC000D8057 /* AppDelegate.swift */ = {isa = PBXFileReference; lastKnownFileType = sourcecode.swift; path = AppDelegate.swift; sourceTree = "<group>"; };
		D02904F21E550DCD000D8057 /* NewVC.swift */ = {isa = PBXFileReference; lastKnownFileType = sourcecode.swift; path = NewVC.swift; sourceTree = "<group>"; };
		D02904F71E550DCD000D8057 /* Assets.xcassets */ = {isa = PBXFileReference; lastKnownFileType = folder.assetcatalog; path = Assets.xcassets; sourceTree = "<group>"; };
		D02904FA1E550DCD000D8057 /* Base */ = {isa = PBXFileReference; lastKnownFileType = file.storyboard; name = Base; path = Base.lproj/LaunchScreen.storyboard; sourceTree = "<group>"; };
		D02904FC1E550DCD000D8057 /* Info.plist */ = {isa = PBXFileReference; lastKnownFileType = text.plist.xml; path = Info.plist; sourceTree = "<group>"; };
		D02905021E550F84000D8057 /* NewVC.xib */ = {isa = PBXFileReference; fileEncoding = 4; lastKnownFileType = file.xib; path = NewVC.xib; sourceTree = "<group>"; };
		D02905071E551A59000D8057 /* BlueVC.swift */ = {isa = PBXFileReference; fileEncoding = 4; lastKnownFileType = sourcecode.swift; path = BlueVC.swift; sourceTree = "<group>"; };
		D02905081E551A59000D8057 /* BlueVC.xib */ = {isa = PBXFileReference; fileEncoding = 4; lastKnownFileType = file.xib; path = BlueVC.xib; sourceTree = "<group>"; };
/* End PBXFileReference section */

/* Begin PBXFrameworksBuildPhase section */
		D02904EA1E550DCC000D8057 /* Frameworks */ = {
			isa = PBXFrameworksBuildPhase;
			buildActionMask = 2147483647;
			files = (
			);
			runOnlyForDeploymentPostprocessing = 0;
		};
/* End PBXFrameworksBuildPhase section */

/* Begin PBXGroup section */
		D02904E41E550DCC000D8057 = {
			isa = PBXGroup;
			children = (
				D02904EF1E550DCC000D8057 /* no-storyboards */,
				D02904EE1E550DCC000D8057 /* Products */,
			);
			sourceTree = "<group>";
		};
		D02904EE1E550DCC000D8057 /* Products */ = {
			isa = PBXGroup;
			children = (
				D02904ED1E550DCC000D8057 /* no-storyboards.app */,
			);
			name = Products;
			sourceTree = "<group>";
		};
		D02904EF1E550DCC000D8057 /* no-storyboards */ = {
			isa = PBXGroup;
			children = (
				D02905061E550FA5000D8057 /* Controller */,
				D02905051E550F9A000D8057 /* View */,
				D02905041E550F92000D8057 /* Model */,
				D02904F01E550DCC000D8057 /* AppDelegate.swift */,
				D02904F71E550DCD000D8057 /* Assets.xcassets */,
				D02904F91E550DCD000D8057 /* LaunchScreen.storyboard */,
				D02904FC1E550DCD000D8057 /* Info.plist */,
			);
			path = "no-storyboards";
			sourceTree = "<group>";
		};
		D02905041E550F92000D8057 /* Model */ = {
			isa = PBXGroup;
			children = (
			);
			name = Model;
			sourceTree = "<group>";
		};
		D02905051E550F9A000D8057 /* View */ = {
			isa = PBXGroup;
			children = (
				D02905021E550F84000D8057 /* NewVC.xib */,
				D02905081E551A59000D8057 /* BlueVC.xib */,
			);
			name = View;
			sourceTree = "<group>";
		};
		D02905061E550FA5000D8057 /* Controller */ = {
			isa = PBXGroup;
			children = (
				D02904F21E550DCD000D8057 /* NewVC.swift */,
				D02905071E551A59000D8057 /* BlueVC.swift */,
			);
			name = Controller;
			sourceTree = "<group>";
		};
/* End PBXGroup section */

/* Begin PBXNativeTarget section */
		D02904EC1E550DCC000D8057 /* no-storyboards */ = {
			isa = PBXNativeTarget;
			buildConfigurationList = D02904FF1E550DCD000D8057 /* Build configuration list for PBXNativeTarget "no-storyboards" */;
			buildPhases = (
				D02904E91E550DCC000D8057 /* Sources */,
				D02904EA1E550DCC000D8057 /* Frameworks */,
				D02904EB1E550DCC000D8057 /* Resources */,
			);
			buildRules = (
			);
			dependencies = (
			);
			name = "no-storyboards";
			productName = "no-storyboards";
			productReference = D02904ED1E550DCC000D8057 /* no-storyboards.app */;
			productType = "com.apple.product-type.application";
		};
/* End PBXNativeTarget section */

/* Begin PBXProject section */
		D02904E51E550DCC000D8057 /* Project object */ = {
			isa = PBXProject;
			attributes = {
				LastSwiftUpdateCheck = 0730;
				LastUpgradeCheck = 0730;
				ORGANIZATIONNAME = "Peter Zaporowski";
				TargetAttributes = {
					D02904EC1E550DCC000D8057 = {
						CreatedOnToolsVersion = 7.3.1;
					};
				};
			};
			buildConfigurationList = D02904E81E550DCC000D8057 /* Build configuration list for PBXProject "no-storyboards" */;
			compatibilityVersion = "Xcode 3.2";
			developmentRegion = English;
			hasScannedForEncodings = 0;
			knownRegions = (
				en,
				Base,
			);
			mainGroup = D02904E41E550DCC000D8057;
			productRefGroup = D02904EE1E550DCC000D8057 /* Products */;
			projectDirPath = "";
			projectRoot = "";
			targets = (
				D02904EC1E550DCC000D8057 /* no-storyboards */,
			);
		};
/* End PBXProject section */

/* Begin PBXResourcesBuildPhase section */
		D02904EB1E550DCC000D8057 /* Resources */ = {
			isa = PBXResourcesBuildPhase;
			buildActionMask = 2147483647;
			files = (
				D029050A1E551A59000D8057 /* BlueVC.xib in Resources */,
				D02904FB1E550DCD000D8057 /* LaunchScreen.storyboard in Resources */,
				D02905031E550F84000D8057 /* NewVC.xib in Resources */,
				D02904F81E550DCD000D8057 /* Assets.xcassets in Resources */,
			);
			runOnlyForDeploymentPostprocessing = 0;
		};
/* End PBXResourcesBuildPhase section */

/* Begin PBXSourcesBuildPhase section */
		D02904E91E550DCC000D8057 /* Sources */ = {
			isa = PBXSourcesBuildPhase;
			buildActionMask = 2147483647;
			files = (
				D02904F31E550DCD000D8057 /* NewVC.swift in Sources */,
				D02904F11E550DCC000D8057 /* AppDelegate.swift in Sources */,
				D02905091E551A59000D8057 /* BlueVC.swift in Sources */,
			);
			runOnlyForDeploymentPostprocessing = 0;
		};
/* End PBXSourcesBuildPhase section */

/* Begin PBXVariantGroup section */
		D02904F91E550DCD000D8057 /* LaunchScreen.storyboard */ = {
			isa = PBXVariantGroup;
			children = (
				D02904FA1E550DCD000D8057 /* Base */,
			);
			name = LaunchScreen.storyboard;
			sourceTree = "<group>";
		};
/* End PBXVariantGroup section */

/* Begin XCBuildConfiguration section */
		D02904FD1E550DCD000D8057 /* Debug */ = {
			isa = XCBuildConfiguration;
			buildSettings = {
				ALWAYS_SEARCH_USER_PATHS = NO;
				CLANG_ANALYZER_NONNULL = YES;
				CLANG_CXX_LANGUAGE_STANDARD = "gnu++0x";
				CLANG_CXX_LIBRARY = "libc++";
				CLANG_ENABLE_MODULES = YES;
				CLANG_ENABLE_OBJC_ARC = YES;
				CLANG_WARN_BOOL_CONVERSION = YES;
				CLANG_WARN_CONSTANT_CONVERSION = YES;
				CLANG_WARN_DIRECT_OBJC_ISA_USAGE = YES_ERROR;
				CLANG_WARN_EMPTY_BODY = YES;
				CLANG_WARN_ENUM_CONVERSION = YES;
				CLANG_WARN_INT_CONVERSION = YES;
				CLANG_WARN_OBJC_ROOT_CLASS = YES_ERROR;
				CLANG_WARN_UNREACHABLE_CODE = YES;
				CLANG_WARN__DUPLICATE_METHOD_MATCH = YES;
				"CODE_SIGN_IDENTITY[sdk=iphoneos*]" = "iPhone Developer";
				COPY_PHASE_STRIP = NO;
				DEBUG_INFORMATION_FORMAT = dwarf;
				ENABLE_STRICT_OBJC_MSGSEND = YES;
				ENABLE_TESTABILITY = YES;
				GCC_C_LANGUAGE_STANDARD = gnu99;
				GCC_DYNAMIC_NO_PIC = NO;
				GCC_NO_COMMON_BLOCKS = YES;
				GCC_OPTIMIZATION_LEVEL = 0;
				GCC_PREPROCESSOR_DEFINITIONS = (
					"DEBUG=1",
					"$(inherited)",
				);
				GCC_WARN_64_TO_32_BIT_CONVERSION = YES;
				GCC_WARN_ABOUT_RETURN_TYPE = YES_ERROR;
				GCC_WARN_UNDECLARED_SELECTOR = YES;
				GCC_WARN_UNINITIALIZED_AUTOS = YES_AGGRESSIVE;
				GCC_WARN_UNUSED_FUNCTION = YES;
				GCC_WARN_UNUSED_VARIABLE = YES;
				IPHONEOS_DEPLOYMENT_TARGET = 9.3;
				MTL_ENABLE_DEBUG_INFO = YES;
				ONLY_ACTIVE_ARCH = YES;
				SDKROOT = iphoneos;
				SWIFT_OPTIMIZATION_LEVEL = "-Onone";
				TARGETED_DEVICE_FAMILY = "1,2";
			};
			name = Debug;
		};
		D02904FE1E550DCD000D8057 /* Release */ = {
			isa = XCBuildConfiguration;
			buildSettings = {
				ALWAYS_SEARCH_USER_PATHS = NO;
				CLANG_ANALYZER_NONNULL = YES;
				CLANG_CXX_LANGUAGE_STANDARD = "gnu++0x";
				CLANG_CXX_LIBRARY = "libc++";
				CLANG_ENABLE_MODULES = YES;
				CLANG_ENABLE_OBJC_ARC = YES;
				CLANG_WARN_BOOL_CONVERSION = YES;
				CLANG_WARN_CONSTANT_CONVERSION = YES;
				CLANG_WARN_DIRECT_OBJC_ISA_USAGE = YES_ERROR;
				CLANG_WARN_EMPTY_BODY = YES;
				CLANG_WARN_ENUM_CONVERSION = YES;
				CLANG_WARN_INT_CONVERSION = YES;
				CLANG_WARN_OBJC_ROOT_CLASS = YES_ERROR;
				CLANG_WARN_UNREACHABLE_CODE = YES;
				CLANG_WARN__DUPLICATE_METHOD_MATCH = YES;
				"CODE_SIGN_IDENTITY[sdk=iphoneos*]" = "iPhone Developer";
				COPY_PHASE_STRIP = NO;
				DEBUG_INFORMATION_FORMAT = "dwarf-with-dsym";
				ENABLE_NS_ASSERTIONS = NO;
				ENABLE_STRICT_OBJC_MSGSEND = YES;
				GCC_C_LANGUAGE_STANDARD = gnu99;
				GCC_NO_COMMON_BLOCKS = YES;
				GCC_WARN_64_TO_32_BIT_CONVERSION = YES;
				GCC_WARN_ABOUT_RETURN_TYPE = YES_ERROR;
				GCC_WARN_UNDECLARED_SELECTOR = YES;
				GCC_WARN_UNINITIALIZED_AUTOS = YES_AGGRESSIVE;
				GCC_WARN_UNUSED_FUNCTION = YES;
				GCC_WARN_UNUSED_VARIABLE = YES;
				IPHONEOS_DEPLOYMENT_TARGET = 9.3;
				MTL_ENABLE_DEBUG_INFO = NO;
				SDKROOT = iphoneos;
				TARGETED_DEVICE_FAMILY = "1,2";
				VALIDATE_PRODUCT = YES;
			};
			name = Release;
		};
		D02905001E550DCD000D8057 /* Debug */ = {
			isa = XCBuildConfiguration;
			buildSettings = {
				ASSETCATALOG_COMPILER_APPICON_NAME = AppIcon;
				INFOPLIST_FILE = "no-storyboards/Info.plist";
				LD_RUNPATH_SEARCH_PATHS = "$(inherited) @executable_path/Frameworks";
				PRODUCT_BUNDLE_IDENTIFIER = "com.peterzig.no-storyboards";
				PRODUCT_NAME = "$(TARGET_NAME)";
			};
			name = Debug;
		};
		D02905011E550DCD000D8057 /* Release */ = {
			isa = XCBuildConfiguration;
			buildSettings = {
				ASSETCATALOG_COMPILER_APPICON_NAME = AppIcon;
				INFOPLIST_FILE = "no-storyboards/Info.plist";
				LD_RUNPATH_SEARCH_PATHS = "$(inherited) @executable_path/Frameworks";
				PRODUCT_BUNDLE_IDENTIFIER = "com.peterzig.no-storyboards";
				PRODUCT_NAME = "$(TARGET_NAME)";
			};
			name = Release;
		};
/* End XCBuildConfiguration section */

/* Begin XCConfigurationList section */
		D02904E81E550DCC000D8057 /* Build configuration list for PBXProject "no-storyboards" */ = {
			isa = XCConfigurationList;
			buildConfigurations = (
				D02904FD1E550DCD000D8057 /* Debug */,
				D02904FE1E550DCD000D8057 /* Release */,
			);
			defaultConfigurationIsVisible = 0;
			defaultConfigurationName = Release;
		};
		D02904FF1E550DCD000D8057 /* Build configuration list for PBXNativeTarget "no-storyboards" */ = {
			isa = XCConfigurationList;
			buildConfigurations = (
				D02905001E550DCD000D8057 /* Debug */,
				D02905011E550DCD000D8057 /* Release */,
			);
			defaultConfigurationIsVisible = 0;
		};
/* End XCConfigurationList section */
	};
	rootObject = D02904E51E550DCC000D8057 /* Project object */;
}
